
Microsoft Visual Studio Solution File, Format Version 12.00
# Visual Studio 14
VisualStudioVersion = 14.0.25420.1
MinimumVisualStudioVersion = 10.0.40219.1
Project("{FAE04EC0-301F-11D3-BF4B-00C04F79EFBC}") = "Client", "SocketProgram\Client.csproj", "{AECBB66A-201A-467F-9C30-FB23DDF77CF6}"
EndProject
Project("{FAE04EC0-301F-11D3-BF4B-00C04F79EFBC}") = "ServerConsole", "ServerConsole\ServerConsole.csproj", "{9553C65A-7FC4-401C-B03B-4DCA5C6CDB6B}"
EndProject
Project("{FAE04EC0-301F-11D3-BF4B-00C04F79EFBC}") = "Logger", "Logger\Logger.csproj", "{9F4433D9-C6E6-4734-A70D-E19B0EBC7139}"
EndProject
Project("{FAE04EC0-301F-11D3-BF4B-00C04F79EFBC}") = "MongoWrapper", "MongoWrapper\MongoWrapper.csproj", "{4B12BE0D-5AE3-4C79-B6E7-7DDDD2C5A4BA}"
EndProject
Project("{FAE04EC0-301F-11D3-BF4B-00C04F79EFBC}") = "Core", "User\Core.csproj", "{ECA43097-56B3-45C9-93C2-C6ADA9F0D8A4}"
EndProject
Project("{FAE04EC0-301F-11D3-BF4B-00C04F79EFBC}") = "WorldBuilder", "WorldBuilder\WorldBuilder.csproj", "{EAEA69FE-8932-4DEC-9525-26A25D14CC9B}"
EndProject
Project("{FAE04EC0-301F-11D3-BF4B-00C04F79EFBC}") = "Utils", "Utils\Utils.csproj", "{EA6F1D8A-1702-4FF4-A9AA-20EA80CC395E}"
EndProject
Project("{FAE04EC0-301F-11D3-BF4B-00C04F79EFBC}") = "Messages", "Messages\Messages.csproj", "{6B9FFAA7-8B43-4F13-87C4-CEF9B6E95C3F}"
EndProject
Global
	GlobalSection(SolutionConfigurationPlatforms) = preSolution
		Debug|Any CPU = Debug|Any CPU
		Debug|x64 = Debug|x64
		Debug|x86 = Debug|x86
		Release|Any CPU = Release|Any CPU
		Release|x64 = Release|x64
		Release|x86 = Release|x86
	EndGlobalSection
	GlobalSection(ProjectConfigurationPlatforms) = postSolution
		{AECBB66A-201A-467F-9C30-FB23DDF77CF6}.Debug|Any CPU.ActiveCfg = Debug|Any CPU
		{AECBB66A-201A-467F-9C30-FB23DDF77CF6}.Debug|Any CPU.Build.0 = Debug|Any CPU
		{AECBB66A-201A-467F-9C30-FB23DDF77CF6}.Debug|x64.ActiveCfg = Debug|x64
		{AECBB66A-201A-467F-9C30-FB23DDF77CF6}.Debug|x64.Build.0 = Debug|x64
		{AECBB66A-201A-467F-9C30-FB23DDF77CF6}.Debug|x86.ActiveCfg = Debug|x86
		{AECBB66A-201A-467F-9C30-FB23DDF77CF6}.Debug|x86.Build.0 = Debug|x86
		{AECBB66A-201A-467F-9C30-FB23DDF77CF6}.Release|Any CPU.ActiveCfg = Release|Any CPU
		{AECBB66A-201A-467F-9C30-FB23DDF77CF6}.Release|Any CPU.Build.0 = Release|Any CPU
		{AECBB66A-201A-467F-9C30-FB23DDF77CF6}.Release|x64.ActiveCfg = Release|x64
		{AECBB66A-201A-467F-9C30-FB23DDF77CF6}.Release|x64.Build.0 = Release|x64
		{AECBB66A-201A-467F-9C30-FB23DDF77CF6}.Release|x86.ActiveCfg = Release|x86
		{AECBB66A-201A-467F-9C30-FB23DDF77CF6}.Release|x86.Build.0 = Release|x86
		{9553C65A-7FC4-401C-B03B-4DCA5C6CDB6B}.Debug|Any CPU.ActiveCfg = Debug|Any CPU
		{9553C65A-7FC4-401C-B03B-4DCA5C6CDB6B}.Debug|Any CPU.Build.0 = Debug|Any CPU
		{9553C65A-7FC4-401C-B03B-4DCA5C6CDB6B}.Debug|x64.ActiveCfg = Debug|x64
		{9553C65A-7FC4-401C-B03B-4DCA5C6CDB6B}.Debug|x64.Build.0 = Debug|x64
		{9553C65A-7FC4-401C-B03B-4DCA5C6CDB6B}.Debug|x86.ActiveCfg = Debug|x86
		{9553C65A-7FC4-401C-B03B-4DCA5C6CDB6B}.Debug|x86.Build.0 = Debug|x86
		{9553C65A-7FC4-401C-B03B-4DCA5C6CDB6B}.Release|Any CPU.ActiveCfg = Release|Any CPU
		{9553C65A-7FC4-401C-B03B-4DCA5C6CDB6B}.Release|Any CPU.Build.0 = Release|Any CPU
		{9553C65A-7FC4-401C-B03B-4DCA5C6CDB6B}.Release|x64.ActiveCfg = Release|x64
		{9553C65A-7FC4-401C-B03B-4DCA5C6CDB6B}.Release|x64.Build.0 = Release|x64
		{9553C65A-7FC4-401C-B03B-4DCA5C6CDB6B}.Release|x86.ActiveCfg = Release|x86
		{9553C65A-7FC4-401C-B03B-4DCA5C6CDB6B}.Release|x86.Build.0 = Release|x86
		{9F4433D9-C6E6-4734-A70D-E19B0EBC7139}.Debug|Any CPU.ActiveCfg = Debug|Any CPU
		{9F4433D9-C6E6-4734-A70D-E19B0EBC7139}.Debug|Any CPU.Build.0 = Debug|Any CPU
		{9F4433D9-C6E6-4734-A70D-E19B0EBC7139}.Debug|x64.ActiveCfg = Debug|x64
		{9F4433D9-C6E6-4734-A70D-E19B0EBC7139}.Debug|x64.Build.0 = Debug|x64
		{9F4433D9-C6E6-4734-A70D-E19B0EBC7139}.Debug|x86.ActiveCfg = Debug|x86
		{9F4433D9-C6E6-4734-A70D-E19B0EBC7139}.Debug|x86.Build.0 = Debug|x86
		{9F4433D9-C6E6-4734-A70D-E19B0EBC7139}.Release|Any CPU.ActiveCfg = Release|Any CPU
		{9F4433D9-C6E6-4734-A70D-E19B0EBC7139}.Release|Any CPU.Build.0 = Release|Any CPU
		{9F4433D9-C6E6-4734-A70D-E19B0EBC7139}.Release|x64.ActiveCfg = Release|x64
		{9F4433D9-C6E6-4734-A70D-E19B0EBC7139}.Release|x64.Build.0 = Release|x64
		{9F4433D9-C6E6-4734-A70D-E19B0EBC7139}.Release|x86.ActiveCfg = Release|x86
		{9F4433D9-C6E6-4734-A70D-E19B0EBC7139}.Release|x86.Build.0 = Release|x86
		{4B12BE0D-5AE3-4C79-B6E7-7DDDD2C5A4BA}.Debug|Any CPU.ActiveCfg = Debug|Any CPU
		{4B12BE0D-5AE3-4C79-B6E7-7DDDD2C5A4BA}.Debug|Any CPU.Build.0 = Debug|Any CPU
		{4B12BE0D-5AE3-4C79-B6E7-7DDDD2C5A4BA}.Debug|x64.ActiveCfg = Debug|x64
		{4B12BE0D-5AE3-4C79-B6E7-7DDDD2C5A4BA}.Debug|x64.Build.0 = Debug|x64
		{4B12BE0D-5AE3-4C79-B6E7-7DDDD2C5A4BA}.Debug|x86.ActiveCfg = Debug|x86
		{4B12BE0D-5AE3-4C79-B6E7-7DDDD2C5A4BA}.Debug|x86.Build.0 = Debug|x86
		{4B12BE0D-5AE3-4C79-B6E7-7DDDD2C5A4BA}.Release|Any CPU.ActiveCfg = Release|Any CPU
		{4B12BE0D-5AE3-4C79-B6E7-7DDDD2C5A4BA}.Release|Any CPU.Build.0 = Release|Any CPU
		{4B12BE0D-5AE3-4C79-B6E7-7DDDD2C5A4BA}.Release|x64.ActiveCfg = Release|x64
		{4B12BE0D-5AE3-4C79-B6E7-7DDDD2C5A4BA}.Release|x64.Build.0 = Release|x64
		{4B12BE0D-5AE3-4C79-B6E7-7DDDD2C5A4BA}.Release|x86.ActiveCfg = Release|x86
		{4B12BE0D-5AE3-4C79-B6E7-7DDDD2C5A4BA}.Release|x86.Build.0 = Release|x86
		{ECA43097-56B3-45C9-93C2-C6ADA9F0D8A4}.Debug|Any CPU.ActiveCfg = Debug|Any CPU
		{ECA43097-56B3-45C9-93C2-C6ADA9F0D8A4}.Debug|Any CPU.Build.0 = Debug|Any CPU
		{ECA43097-56B3-45C9-93C2-C6ADA9F0D8A4}.Debug|x64.ActiveCfg = Debug|x64
		{ECA43097-56B3-45C9-93C2-C6ADA9F0D8A4}.Debug|x64.Build.0 = Debug|x64
		{ECA43097-56B3-45C9-93C2-C6ADA9F0D8A4}.Debug|x86.ActiveCfg = Debug|x86
		{ECA43097-56B3-45C9-93C2-C6ADA9F0D8A4}.Debug|x86.Build.0 = Debug|x86
		{ECA43097-56B3-45C9-93C2-C6ADA9F0D8A4}.Release|Any CPU.ActiveCfg = Release|Any CPU
		{ECA43097-56B3-45C9-93C2-C6ADA9F0D8A4}.Release|Any CPU.Build.0 = Release|Any CPU
		{ECA43097-56B3-45C9-93C2-C6ADA9F0D8A4}.Release|x64.ActiveCfg = Release|x64
		{ECA43097-56B3-45C9-93C2-C6ADA9F0D8A4}.Release|x64.Build.0 = Release|x64
		{ECA43097-56B3-45C9-93C2-C6ADA9F0D8A4}.Release|x86.ActiveCfg = Release|x86
		{ECA43097-56B3-45C9-93C2-C6ADA9F0D8A4}.Release|x86.Build.0 = Release|x86
		{EAEA69FE-8932-4DEC-9525-26A25D14CC9B}.Debug|Any CPU.ActiveCfg = Debug|Any CPU
		{EAEA69FE-8932-4DEC-9525-26A25D14CC9B}.Debug|Any CPU.Build.0 = Debug|Any CPU
		{EAEA69FE-8932-4DEC-9525-26A25D14CC9B}.Debug|x64.ActiveCfg = Debug|x64
		{EAEA69FE-8932-4DEC-9525-26A25D14CC9B}.Debug|x64.Build.0 = Debug|x64
		{EAEA69FE-8932-4DEC-9525-26A25D14CC9B}.Debug|x86.ActiveCfg = Debug|x86
		{EAEA69FE-8932-4DEC-9525-26A25D14CC9B}.Debug|x86.Build.0 = Debug|x86
		{EAEA69FE-8932-4DEC-9525-26A25D14CC9B}.Release|Any CPU.ActiveCfg = Release|Any CPU
		{EAEA69FE-8932-4DEC-9525-26A25D14CC9B}.Release|Any CPU.Build.0 = Release|Any CPU
		{EAEA69FE-8932-4DEC-9525-26A25D14CC9B}.Release|x64.ActiveCfg = Release|x64
		{EAEA69FE-8932-4DEC-9525-26A25D14CC9B}.Release|x64.Build.0 = Release|x64
		{EAEA69FE-8932-4DEC-9525-26A25D14CC9B}.Release|x86.ActiveCfg = Release|x86
		{EAEA69FE-8932-4DEC-9525-26A25D14CC9B}.Release|x86.Build.0 = Release|x86
		{EA6F1D8A-1702-4FF4-A9AA-20EA80CC395E}.Debug|Any CPU.ActiveCfg = Debug|Any CPU
		{EA6F1D8A-1702-4FF4-A9AA-20EA80CC395E}.Debug|Any CPU.Build.0 = Debug|Any CPU
		{EA6F1D8A-1702-4FF4-A9AA-20EA80CC395E}.Debug|x64.ActiveCfg = Debug|Any CPU
		{EA6F1D8A-1702-4FF4-A9AA-20EA80CC395E}.Debug|x64.Build.0 = Debug|Any CPU
		{EA6F1D8A-1702-4FF4-A9AA-20EA80CC395E}.Debug|x86.ActiveCfg = Debug|Any CPU
		{EA6F1D8A-1702-4FF4-A9AA-20EA80CC395E}.Debug|x86.Build.0 = Debug|Any CPU
		{EA6F1D8A-1702-4FF4-A9AA-20EA80CC395E}.Release|Any CPU.ActiveCfg = Release|Any CPU
		{EA6F1D8A-1702-4FF4-A9AA-20EA80CC395E}.Release|Any CPU.Build.0 = Release|Any CPU
		{EA6F1D8A-1702-4FF4-A9AA-20EA80CC395E}.Release|x64.ActiveCfg = Release|Any CPU
		{EA6F1D8A-1702-4FF4-A9AA-20EA80CC395E}.Release|x64.Build.0 = Release|Any CPU
		{EA6F1D8A-1702-4FF4-A9AA-20EA80CC395E}.Release|x86.ActiveCfg = Release|Any CPU
		{EA6F1D8A-1702-4FF4-A9AA-20EA80CC395E}.Release|x86.Build.0 = Release|Any CPU
		{6B9FFAA7-8B43-4F13-87C4-CEF9B6E95C3F}.Debug|Any CPU.ActiveCfg = Debug|Any CPU
		{6B9FFAA7-8B43-4F13-87C4-CEF9B6E95C3F}.Debug|Any CPU.Build.0 = Debug|Any CPU
		{6B9FFAA7-8B43-4F13-87C4-CEF9B6E95C3F}.Debug|x64.ActiveCfg = Debug|Any CPU
		{6B9FFAA7-8B43-4F13-87C4-CEF9B6E95C3F}.Debug|x64.Build.0 = Debug|Any CPU
		{6B9FFAA7-8B43-4F13-87C4-CEF9B6E95C3F}.Debug|x86.ActiveCfg = Debug|Any CPU
		{6B9FFAA7-8B43-4F13-87C4-CEF9B6E95C3F}.Debug|x86.Build.0 = Debug|Any CPU
		{6B9FFAA7-8B43-4F13-87C4-CEF9B6E95C3F}.Release|Any CPU.ActiveCfg = Release|Any CPU
		{6B9FFAA7-8B43-4F13-87C4-CEF9B6E95C3F}.Release|Any CPU.Build.0 = Release|Any CPU
		{6B9FFAA7-8B43-4F13-87C4-CEF9B6E95C3F}.Release|x64.ActiveCfg = Release|Any CPU
		{6B9FFAA7-8B43-4F13-87C4-CEF9B6E95C3F}.Release|x64.Build.0 = Release|Any CPU
		{6B9FFAA7-8B43-4F13-87C4-CEF9B6E95C3F}.Release|x86.ActiveCfg = Release|Any CPU
		{6B9FFAA7-8B43-4F13-87C4-CEF9B6E95C3F}.Release|x86.Build.0 = Release|Any CPU
	EndGlobalSection
	GlobalSection(SolutionProperties) = preSolution
		HideSolutionNode = FALSE
	EndGlobalSection
EndGlobal
